// !$*UTF8*$!
{
	archiveVersion = 1;
	classes = {
	};
	objectVersion = 50;
	objects = {

/* Begin PBXBuildFile section */
		2710D24F23978D5E0051530F /* ChatTextReceiveCell.swift in Sources */ = {isa = PBXBuildFile; fileRef = 2710D24E23978D5E0051530F /* ChatTextReceiveCell.swift */; };
		2710D25423979C0E0051530F /* ChatTextSendCell.swift in Sources */ = {isa = PBXBuildFile; fileRef = 2710D25323979C0E0051530F /* ChatTextSendCell.swift */; };
		2710D2562397A9FF0051530F /* ChatCell.swift in Sources */ = {isa = PBXBuildFile; fileRef = 2710D2552397A9FF0051530F /* ChatCell.swift */; };
		279FF6E82396946D00E333F8 /* AppDelegate.swift in Sources */ = {isa = PBXBuildFile; fileRef = 279FF6E72396946D00E333F8 /* AppDelegate.swift */; };
		279FF6EA2396946D00E333F8 /* SceneDelegate.swift in Sources */ = {isa = PBXBuildFile; fileRef = 279FF6E92396946D00E333F8 /* SceneDelegate.swift */; };
		279FF6EC2396946D00E333F8 /* ViewController.swift in Sources */ = {isa = PBXBuildFile; fileRef = 279FF6EB2396946D00E333F8 /* ViewController.swift */; };
		279FF6EF2396946D00E333F8 /* Main.storyboard in Resources */ = {isa = PBXBuildFile; fileRef = 279FF6ED2396946D00E333F8 /* Main.storyboard */; };
		279FF6F12396947000E333F8 /* Assets.xcassets in Resources */ = {isa = PBXBuildFile; fileRef = 279FF6F02396947000E333F8 /* Assets.xcassets */; };
		279FF6F42396947000E333F8 /* LaunchScreen.storyboard in Resources */ = {isa = PBXBuildFile; fileRef = 279FF6F22396947000E333F8 /* LaunchScreen.storyboard */; };
		279FF6FF2396948600E333F8 /* ChatViewController.swift in Sources */ = {isa = PBXBuildFile; fileRef = 279FF6FC2396948600E333F8 /* ChatViewController.swift */; };
		279FF7002396948600E333F8 /* UIViewExtensions.swift in Sources */ = {isa = PBXBuildFile; fileRef = 279FF6FE2396948600E333F8 /* UIViewExtensions.swift */; };
		27B1D0E123AA26650098DE94 /* ChatControllerProtocols.swift in Sources */ = {isa = PBXBuildFile; fileRef = 27B1D0E023AA26650098DE94 /* ChatControllerProtocols.swift */; };
		27B548B6239A3710008477FA /* MessageModel.swift in Sources */ = {isa = PBXBuildFile; fileRef = 27B548B5239A3710008477FA /* MessageModel.swift */; };
		27B548B8239A39BA008477FA /* TextMessageModel.swift in Sources */ = {isa = PBXBuildFile; fileRef = 27B548B7239A39BA008477FA /* TextMessageModel.swift */; };
		27DF14A3239E3F1E00C1F465 /* SpotlightView.swift in Sources */ = {isa = PBXBuildFile; fileRef = 27DF14A2239E3F1E00C1F465 /* SpotlightView.swift */; };
		27DF14A5239E5A6E00C1F465 /* ChatMenuView.swift in Sources */ = {isa = PBXBuildFile; fileRef = 27DF14A4239E5A6E00C1F465 /* ChatMenuView.swift */; };
		27E3A53223A21C7600679454 /* ReplyView.swift in Sources */ = {isa = PBXBuildFile; fileRef = 27E3A53123A21C7600679454 /* ReplyView.swift */; };
		27EC61BA23A371AF0077AE64 /* ChatConfigurations.swift in Sources */ = {isa = PBXBuildFile; fileRef = 27EC61B923A371AF0077AE64 /* ChatConfigurations.swift */; };
		27F1078723BB523E00686BE1 /* ChatPostSendCell.swift in Sources */ = {isa = PBXBuildFile; fileRef = 27F1078623BB523E00686BE1 /* ChatPostSendCell.swift */; };
		27FEA3AD239F87AB00ECB6CF /* ImageMessageModel.swift in Sources */ = {isa = PBXBuildFile; fileRef = 27FEA3AC239F87AB00ECB6CF /* ImageMessageModel.swift */; };
		27FEA3AF239F902B00ECB6CF /* ChatImageReceiveCell.swift in Sources */ = {isa = PBXBuildFile; fileRef = 27FEA3AE239F902B00ECB6CF /* ChatImageReceiveCell.swift */; };
		27FEA3B1239FA71000ECB6CF /* ChatImageSendCell.swift in Sources */ = {isa = PBXBuildFile; fileRef = 27FEA3B0239FA71000ECB6CF /* ChatImageSendCell.swift */; };
/* End PBXBuildFile section */

/* Begin PBXFileReference section */
		2710D24E23978D5E0051530F /* ChatTextReceiveCell.swift */ = {isa = PBXFileReference; lastKnownFileType = sourcecode.swift; path = ChatTextReceiveCell.swift; sourceTree = "<group>"; };
		2710D25323979C0E0051530F /* ChatTextSendCell.swift */ = {isa = PBXFileReference; lastKnownFileType = sourcecode.swift; path = ChatTextSendCell.swift; sourceTree = "<group>"; };
		2710D2552397A9FF0051530F /* ChatCell.swift */ = {isa = PBXFileReference; lastKnownFileType = sourcecode.swift; path = ChatCell.swift; sourceTree = "<group>"; };
		279FF6E42396946D00E333F8 /* ChatAdaptor.app */ = {isa = PBXFileReference; explicitFileType = wrapper.application; includeInIndex = 0; path = ChatAdaptor.app; sourceTree = BUILT_PRODUCTS_DIR; };
		279FF6E72396946D00E333F8 /* AppDelegate.swift */ = {isa = PBXFileReference; lastKnownFileType = sourcecode.swift; path = AppDelegate.swift; sourceTree = "<group>"; };
		279FF6E92396946D00E333F8 /* SceneDelegate.swift */ = {isa = PBXFileReference; lastKnownFileType = sourcecode.swift; path = SceneDelegate.swift; sourceTree = "<group>"; };
		279FF6EB2396946D00E333F8 /* ViewController.swift */ = {isa = PBXFileReference; lastKnownFileType = sourcecode.swift; path = ViewController.swift; sourceTree = "<group>"; };
		279FF6EE2396946D00E333F8 /* Base */ = {isa = PBXFileReference; lastKnownFileType = file.storyboard; name = Base; path = Base.lproj/Main.storyboard; sourceTree = "<group>"; };
		279FF6F02396947000E333F8 /* Assets.xcassets */ = {isa = PBXFileReference; lastKnownFileType = folder.assetcatalog; path = Assets.xcassets; sourceTree = "<group>"; };
		279FF6F32396947000E333F8 /* Base */ = {isa = PBXFileReference; lastKnownFileType = file.storyboard; name = Base; path = Base.lproj/LaunchScreen.storyboard; sourceTree = "<group>"; };
		279FF6F52396947000E333F8 /* Info.plist */ = {isa = PBXFileReference; lastKnownFileType = text.plist.xml; path = Info.plist; sourceTree = "<group>"; };
		279FF6FC2396948600E333F8 /* ChatViewController.swift */ = {isa = PBXFileReference; fileEncoding = 4; lastKnownFileType = sourcecode.swift; path = ChatViewController.swift; sourceTree = "<group>"; };
		279FF6FE2396948600E333F8 /* UIViewExtensions.swift */ = {isa = PBXFileReference; fileEncoding = 4; lastKnownFileType = sourcecode.swift; path = UIViewExtensions.swift; sourceTree = "<group>"; };
		27B1D0E023AA26650098DE94 /* ChatControllerProtocols.swift */ = {isa = PBXFileReference; lastKnownFileType = sourcecode.swift; path = ChatControllerProtocols.swift; sourceTree = "<group>"; };
		27B548B5239A3710008477FA /* MessageModel.swift */ = {isa = PBXFileReference; lastKnownFileType = sourcecode.swift; path = MessageModel.swift; sourceTree = "<group>"; };
		27B548B7239A39BA008477FA /* TextMessageModel.swift */ = {isa = PBXFileReference; lastKnownFileType = sourcecode.swift; path = TextMessageModel.swift; sourceTree = "<group>"; };
		27DF14A2239E3F1E00C1F465 /* SpotlightView.swift */ = {isa = PBXFileReference; lastKnownFileType = sourcecode.swift; path = SpotlightView.swift; sourceTree = "<group>"; };
		27DF14A4239E5A6E00C1F465 /* ChatMenuView.swift */ = {isa = PBXFileReference; lastKnownFileType = sourcecode.swift; path = ChatMenuView.swift; sourceTree = "<group>"; };
		27E3A53123A21C7600679454 /* ReplyView.swift */ = {isa = PBXFileReference; lastKnownFileType = sourcecode.swift; path = ReplyView.swift; sourceTree = "<group>"; };
		27EC61B923A371AF0077AE64 /* ChatConfigurations.swift */ = {isa = PBXFileReference; fileEncoding = 4; lastKnownFileType = sourcecode.swift; path = ChatConfigurations.swift; sourceTree = "<group>"; };
		27F1078623BB523E00686BE1 /* ChatPostSendCell.swift */ = {isa = PBXFileReference; lastKnownFileType = sourcecode.swift; path = ChatPostSendCell.swift; sourceTree = "<group>"; };
		27FEA3AC239F87AB00ECB6CF /* ImageMessageModel.swift */ = {isa = PBXFileReference; lastKnownFileType = sourcecode.swift; path = ImageMessageModel.swift; sourceTree = "<group>"; };
		27FEA3AE239F902B00ECB6CF /* ChatImageReceiveCell.swift */ = {isa = PBXFileReference; lastKnownFileType = sourcecode.swift; path = ChatImageReceiveCell.swift; sourceTree = "<group>"; };
		27FEA3B0239FA71000ECB6CF /* ChatImageSendCell.swift */ = {isa = PBXFileReference; lastKnownFileType = sourcecode.swift; path = ChatImageSendCell.swift; sourceTree = "<group>"; };
/* End PBXFileReference section */

/* Begin PBXFrameworksBuildPhase section */
		279FF6E12396946D00E333F8 /* Frameworks */ = {
			isa = PBXFrameworksBuildPhase;
			buildActionMask = 2147483647;
			files = (
			);
			runOnlyForDeploymentPostprocessing = 0;
		};
/* End PBXFrameworksBuildPhase section */

/* Begin PBXGroup section */
		2710D24D23978D4B0051530F /* View */ = {
			isa = PBXGroup;
			children = (
				27B548B4239A36FC008477FA /* Cell */,
				279FF6FC2396948600E333F8 /* ChatViewController.swift */,
				27E3A53123A21C7600679454 /* ReplyView.swift */,
			);
			path = View;
			sourceTree = "<group>";
		};
		279FF6DB2396946D00E333F8 = {
			isa = PBXGroup;
			children = (
				279FF6E62396946D00E333F8 /* ChatAdaptor */,
				279FF6E52396946D00E333F8 /* Products */,
			);
			sourceTree = "<group>";
		};
		279FF6E52396946D00E333F8 /* Products */ = {
			isa = PBXGroup;
			children = (
				279FF6E42396946D00E333F8 /* ChatAdaptor.app */,
			);
			name = Products;
			sourceTree = "<group>";
		};
		279FF6E62396946D00E333F8 /* ChatAdaptor */ = {
			isa = PBXGroup;
			children = (
				279FF6FB2396948600E333F8 /* Source */,
				279FF6E72396946D00E333F8 /* AppDelegate.swift */,
				279FF6E92396946D00E333F8 /* SceneDelegate.swift */,
				279FF6EB2396946D00E333F8 /* ViewController.swift */,
				279FF6ED2396946D00E333F8 /* Main.storyboard */,
				279FF6F02396947000E333F8 /* Assets.xcassets */,
				279FF6F22396947000E333F8 /* LaunchScreen.storyboard */,
				279FF6F52396947000E333F8 /* Info.plist */,
			);
			path = ChatAdaptor;
			sourceTree = "<group>";
		};
		279FF6FB2396948600E333F8 /* Source */ = {
			isa = PBXGroup;
			children = (
				27B1D0E223AA5C840098DE94 /* Resources */,
				27DF14A0239E3F0200C1F465 /* Libraries */,
				279FF7012396961300E333F8 /* ChatController */,
				279FF6FD2396948600E333F8 /* Extensions */,
			);
			path = Source;
			sourceTree = "<group>";
		};
		279FF6FD2396948600E333F8 /* Extensions */ = {
			isa = PBXGroup;
			children = (
				279FF6FE2396948600E333F8 /* UIViewExtensions.swift */,
			);
			path = Extensions;
			sourceTree = "<group>";
		};
		279FF7012396961300E333F8 /* ChatController */ = {
			isa = PBXGroup;
			children = (
				27B1D0DF23AA26520098DE94 /* Protocols */,
				27B548B2239A36BC008477FA /* Model */,
				2710D24D23978D4B0051530F /* View */,
			);
			path = ChatController;
			sourceTree = "<group>";
		};
		27B1D0DF23AA26520098DE94 /* Protocols */ = {
			isa = PBXGroup;
			children = (
				27B1D0E023AA26650098DE94 /* ChatControllerProtocols.swift */,
			);
			path = Protocols;
			sourceTree = "<group>";
		};
		27B1D0E223AA5C840098DE94 /* Resources */ = {
			isa = PBXGroup;
			children = (
				27EC61B923A371AF0077AE64 /* ChatConfigurations.swift */,
			);
			path = Resources;
			sourceTree = "<group>";
		};
		27B548B2239A36BC008477FA /* Model */ = {
			isa = PBXGroup;
			children = (
				27B548B5239A3710008477FA /* MessageModel.swift */,
				27B548B7239A39BA008477FA /* TextMessageModel.swift */,
				27FEA3AC239F87AB00ECB6CF /* ImageMessageModel.swift */,
			);
			path = Model;
			sourceTree = "<group>";
		};
		27B548B4239A36FC008477FA /* Cell */ = {
			isa = PBXGroup;
			children = (
				2710D24E23978D5E0051530F /* ChatTextReceiveCell.swift */,
				2710D25323979C0E0051530F /* ChatTextSendCell.swift */,
				2710D2552397A9FF0051530F /* ChatCell.swift */,
				27FEA3AE239F902B00ECB6CF /* ChatImageReceiveCell.swift */,
				27FEA3B0239FA71000ECB6CF /* ChatImageSendCell.swift */,
				27F1078623BB523E00686BE1 /* ChatPostSendCell.swift */,
			);
			path = Cell;
			sourceTree = "<group>";
		};
		27DF14A0239E3F0200C1F465 /* Libraries */ = {
			isa = PBXGroup;
			children = (
				27DF14A6239E5A7200C1F465 /* ChatMenu */,
				27DF14A1239E3F0D00C1F465 /* Spotlight */,
			);
			path = Libraries;
			sourceTree = "<group>";
		};
		27DF14A1239E3F0D00C1F465 /* Spotlight */ = {
			isa = PBXGroup;
			children = (
				27DF14A2239E3F1E00C1F465 /* SpotlightView.swift */,
			);
			path = Spotlight;
			sourceTree = "<group>";
		};
		27DF14A6239E5A7200C1F465 /* ChatMenu */ = {
			isa = PBXGroup;
			children = (
				27DF14A4239E5A6E00C1F465 /* ChatMenuView.swift */,
			);
			path = ChatMenu;
			sourceTree = "<group>";
		};
/* End PBXGroup section */

/* Begin PBXNativeTarget section */
		279FF6E32396946D00E333F8 /* ChatAdaptor */ = {
			isa = PBXNativeTarget;
			buildConfigurationList = 279FF6F82396947000E333F8 /* Build configuration list for PBXNativeTarget "ChatAdaptor" */;
			buildPhases = (
				279FF6E02396946D00E333F8 /* Sources */,
				279FF6E12396946D00E333F8 /* Frameworks */,
				279FF6E22396946D00E333F8 /* Resources */,
			);
			buildRules = (
			);
			dependencies = (
			);
			name = ChatAdaptor;
			productName = ChatAdaptor;
			productReference = 279FF6E42396946D00E333F8 /* ChatAdaptor.app */;
			productType = "com.apple.product-type.application";
		};
/* End PBXNativeTarget section */

/* Begin PBXProject section */
		279FF6DC2396946D00E333F8 /* Project object */ = {
			isa = PBXProject;
			attributes = {
				LastSwiftUpdateCheck = 1110;
				LastUpgradeCheck = 1110;
				ORGANIZATIONNAME = Sina;
				TargetAttributes = {
					279FF6E32396946D00E333F8 = {
						CreatedOnToolsVersion = 11.1;
					};
				};
			};
			buildConfigurationList = 279FF6DF2396946D00E333F8 /* Build configuration list for PBXProject "ChatAdaptor" */;
			compatibilityVersion = "Xcode 9.3";
			developmentRegion = en;
			hasScannedForEncodings = 0;
			knownRegions = (
				en,
				Base,
			);
			mainGroup = 279FF6DB2396946D00E333F8;
			productRefGroup = 279FF6E52396946D00E333F8 /* Products */;
			projectDirPath = "";
			projectRoot = "";
			targets = (
				279FF6E32396946D00E333F8 /* ChatAdaptor */,
			);
		};
/* End PBXProject section */

/* Begin PBXResourcesBuildPhase section */
		279FF6E22396946D00E333F8 /* Resources */ = {
			isa = PBXResourcesBuildPhase;
			buildActionMask = 2147483647;
			files = (
				279FF6F42396947000E333F8 /* LaunchScreen.storyboard in Resources */,
				279FF6F12396947000E333F8 /* Assets.xcassets in Resources */,
				279FF6EF2396946D00E333F8 /* Main.storyboard in Resources */,
			);
			runOnlyForDeploymentPostprocessing = 0;
		};
/* End PBXResourcesBuildPhase section */

/* Begin PBXSourcesBuildPhase section */
		279FF6E02396946D00E333F8 /* Sources */ = {
			isa = PBXSourcesBuildPhase;
			buildActionMask = 2147483647;
			files = (
				279FF6EC2396946D00E333F8 /* ViewController.swift in Sources */,
				27E3A53223A21C7600679454 /* ReplyView.swift in Sources */,
				2710D2562397A9FF0051530F /* ChatCell.swift in Sources */,
				27B548B8239A39BA008477FA /* TextMessageModel.swift in Sources */,
				27DF14A3239E3F1E00C1F465 /* SpotlightView.swift in Sources */,
				279FF7002396948600E333F8 /* UIViewExtensions.swift in Sources */,
				27FEA3AF239F902B00ECB6CF /* ChatImageReceiveCell.swift in Sources */,
				27DF14A5239E5A6E00C1F465 /* ChatMenuView.swift in Sources */,
				27B548B6239A3710008477FA /* MessageModel.swift in Sources */,
				27F1078723BB523E00686BE1 /* ChatPostSendCell.swift in Sources */,
				27FEA3AD239F87AB00ECB6CF /* ImageMessageModel.swift in Sources */,
				2710D25423979C0E0051530F /* ChatTextSendCell.swift in Sources */,
				27EC61BA23A371AF0077AE64 /* ChatConfigurations.swift in Sources */,
				27FEA3B1239FA71000ECB6CF /* ChatImageSendCell.swift in Sources */,
				279FF6E82396946D00E333F8 /* AppDelegate.swift in Sources */,
				279FF6FF2396948600E333F8 /* ChatViewController.swift in Sources */,
				279FF6EA2396946D00E333F8 /* SceneDelegate.swift in Sources */,
				2710D24F23978D5E0051530F /* ChatTextReceiveCell.swift in Sources */,
				27B1D0E123AA26650098DE94 /* ChatControllerProtocols.swift in Sources */,
			);
			runOnlyForDeploymentPostprocessing = 0;
		};
/* End PBXSourcesBuildPhase section */

/* Begin PBXVariantGroup section */
		279FF6ED2396946D00E333F8 /* Main.storyboard */ = {
			isa = PBXVariantGroup;
			children = (
				279FF6EE2396946D00E333F8 /* Base */,
			);
			name = Main.storyboard;
			sourceTree = "<group>";
		};
		279FF6F22396947000E333F8 /* LaunchScreen.storyboard */ = {
			isa = PBXVariantGroup;
			children = (
				279FF6F32396947000E333F8 /* Base */,
			);
			name = LaunchScreen.storyboard;
			sourceTree = "<group>";
		};
/* End PBXVariantGroup section */

/* Begin XCBuildConfiguration section */
		279FF6F62396947000E333F8 /* Debug */ = {
			isa = XCBuildConfiguration;
			buildSettings = {
				ALWAYS_SEARCH_USER_PATHS = NO;
				CLANG_ANALYZER_NONNULL = YES;
				CLANG_ANALYZER_NUMBER_OBJECT_CONVERSION = YES_AGGRESSIVE;
				CLANG_CXX_LANGUAGE_STANDARD = "gnu++14";
				CLANG_CXX_LIBRARY = "libc++";
				CLANG_ENABLE_MODULES = YES;
				CLANG_ENABLE_OBJC_ARC = YES;
				CLANG_ENABLE_OBJC_WEAK = YES;
				CLANG_WARN_BLOCK_CAPTURE_AUTORELEASING = YES;
				CLANG_WARN_BOOL_CONVERSION = YES;
				CLANG_WARN_COMMA = YES;
				CLANG_WARN_CONSTANT_CONVERSION = YES;
				CLANG_WARN_DEPRECATED_OBJC_IMPLEMENTATIONS = YES;
				CLANG_WARN_DIRECT_OBJC_ISA_USAGE = YES_ERROR;
				CLANG_WARN_DOCUMENTATION_COMMENTS = YES;
				CLANG_WARN_EMPTY_BODY = YES;
				CLANG_WARN_ENUM_CONVERSION = YES;
				CLANG_WARN_INFINITE_RECURSION = YES;
				CLANG_WARN_INT_CONVERSION = YES;
				CLANG_WARN_NON_LITERAL_NULL_CONVERSION = YES;
				CLANG_WARN_OBJC_IMPLICIT_RETAIN_SELF = YES;
				CLANG_WARN_OBJC_LITERAL_CONVERSION = YES;
				CLANG_WARN_OBJC_ROOT_CLASS = YES_ERROR;
				CLANG_WARN_RANGE_LOOP_ANALYSIS = YES;
				CLANG_WARN_STRICT_PROTOTYPES = YES;
				CLANG_WARN_SUSPICIOUS_MOVE = YES;
				CLANG_WARN_UNGUARDED_AVAILABILITY = YES_AGGRESSIVE;
				CLANG_WARN_UNREACHABLE_CODE = YES;
				CLANG_WARN__DUPLICATE_METHOD_MATCH = YES;
				COPY_PHASE_STRIP = NO;
				DEBUG_INFORMATION_FORMAT = dwarf;
				ENABLE_STRICT_OBJC_MSGSEND = YES;
				ENABLE_TESTABILITY = YES;
				GCC_C_LANGUAGE_STANDARD = gnu11;
				GCC_DYNAMIC_NO_PIC = NO;
				GCC_NO_COMMON_BLOCKS = YES;
				GCC_OPTIMIZATION_LEVEL = 0;
				GCC_PREPROCESSOR_DEFINITIONS = (
					"DEBUG=1",
					"$(inherited)",
				);
				GCC_WARN_64_TO_32_BIT_CONVERSION = YES;
				GCC_WARN_ABOUT_RETURN_TYPE = YES_ERROR;
				GCC_WARN_UNDECLARED_SELECTOR = YES;
				GCC_WARN_UNINITIALIZED_AUTOS = YES_AGGRESSIVE;
				GCC_WARN_UNUSED_FUNCTION = YES;
				GCC_WARN_UNUSED_VARIABLE = YES;
				IPHONEOS_DEPLOYMENT_TARGET = 13.1;
				MTL_ENABLE_DEBUG_INFO = INCLUDE_SOURCE;
				MTL_FAST_MATH = YES;
				ONLY_ACTIVE_ARCH = YES;
				SDKROOT = iphoneos;
				SWIFT_ACTIVE_COMPILATION_CONDITIONS = DEBUG;
				SWIFT_OPTIMIZATION_LEVEL = "-Onone";
			};
			name = Debug;
		};
		279FF6F72396947000E333F8 /* Release */ = {
			isa = XCBuildConfiguration;
			buildSettings = {
				ALWAYS_SEARCH_USER_PATHS = NO;
				CLANG_ANALYZER_NONNULL = YES;
				CLANG_ANALYZER_NUMBER_OBJECT_CONVERSION = YES_AGGRESSIVE;
				CLANG_CXX_LANGUAGE_STANDARD = "gnu++14";
				CLANG_CXX_LIBRARY = "libc++";
				CLANG_ENABLE_MODULES = YES;
				CLANG_ENABLE_OBJC_ARC = YES;
				CLANG_ENABLE_OBJC_WEAK = YES;
				CLANG_WARN_BLOCK_CAPTURE_AUTORELEASING = YES;
				CLANG_WARN_BOOL_CONVERSION = YES;
				CLANG_WARN_COMMA = YES;
				CLANG_WARN_CONSTANT_CONVERSION = YES;
				CLANG_WARN_DEPRECATED_OBJC_IMPLEMENTATIONS = YES;
				CLANG_WARN_DIRECT_OBJC_ISA_USAGE = YES_ERROR;
				CLANG_WARN_DOCUMENTATION_COMMENTS = YES;
				CLANG_WARN_EMPTY_BODY = YES;
				CLANG_WARN_ENUM_CONVERSION = YES;
				CLANG_WARN_INFINITE_RECURSION = YES;
				CLANG_WARN_INT_CONVERSION = YES;
				CLANG_WARN_NON_LITERAL_NULL_CONVERSION = YES;
				CLANG_WARN_OBJC_IMPLICIT_RETAIN_SELF = YES;
				CLANG_WARN_OBJC_LITERAL_CONVERSION = YES;
				CLANG_WARN_OBJC_ROOT_CLASS = YES_ERROR;
				CLANG_WARN_RANGE_LOOP_ANALYSIS = YES;
				CLANG_WARN_STRICT_PROTOTYPES = YES;
				CLANG_WARN_SUSPICIOUS_MOVE = YES;
				CLANG_WARN_UNGUARDED_AVAILABILITY = YES_AGGRESSIVE;
				CLANG_WARN_UNREACHABLE_CODE = YES;
				CLANG_WARN__DUPLICATE_METHOD_MATCH = YES;
				COPY_PHASE_STRIP = NO;
				DEBUG_INFORMATION_FORMAT = "dwarf-with-dsym";
				ENABLE_NS_ASSERTIONS = NO;
				ENABLE_STRICT_OBJC_MSGSEND = YES;
				GCC_C_LANGUAGE_STANDARD = gnu11;
				GCC_NO_COMMON_BLOCKS = YES;
				GCC_WARN_64_TO_32_BIT_CONVERSION = YES;
				GCC_WARN_ABOUT_RETURN_TYPE = YES_ERROR;
				GCC_WARN_UNDECLARED_SELECTOR = YES;
				GCC_WARN_UNINITIALIZED_AUTOS = YES_AGGRESSIVE;
				GCC_WARN_UNUSED_FUNCTION = YES;
				GCC_WARN_UNUSED_VARIABLE = YES;
				IPHONEOS_DEPLOYMENT_TARGET = 13.1;
				MTL_ENABLE_DEBUG_INFO = NO;
				MTL_FAST_MATH = YES;
				SDKROOT = iphoneos;
				SWIFT_COMPILATION_MODE = wholemodule;
				SWIFT_OPTIMIZATION_LEVEL = "-O";
				VALIDATE_PRODUCT = YES;
			};
			name = Release;
		};
		279FF6F92396947000E333F8 /* Debug */ = {
			isa = XCBuildConfiguration;
			buildSettings = {
				ASSETCATALOG_COMPILER_APPICON_NAME = AppIcon;
				CODE_SIGN_STYLE = Automatic;
				DEVELOPMENT_TEAM = LS769UVZMZ;
				INFOPLIST_FILE = ChatAdaptor/Info.plist;
				LD_RUNPATH_SEARCH_PATHS = (
					"$(inherited)",
					"@executable_path/Frameworks",
				);
				PRODUCT_BUNDLE_IDENTIFIER = Sina.ChatAdaptor;
				PRODUCT_NAME = "$(TARGET_NAME)";
				SWIFT_VERSION = 5.0;
				TARGETED_DEVICE_FAMILY = "1,2";
			};
			name = Debug;
		};
		279FF6FA2396947000E333F8 /* Release */ = {
			isa = XCBuildConfiguration;
			buildSettings = {
				ASSETCATALOG_COMPILER_APPICON_NAME = AppIcon;
				CODE_SIGN_STYLE = Automatic;
				DEVELOPMENT_TEAM = LS769UVZMZ;
				INFOPLIST_FILE = ChatAdaptor/Info.plist;
				LD_RUNPATH_SEARCH_PATHS = (
					"$(inherited)",
					"@executable_path/Frameworks",
				);
				PRODUCT_BUNDLE_IDENTIFIER = Sina.ChatAdaptor;
				PRODUCT_NAME = "$(TARGET_NAME)";
				SWIFT_VERSION = 5.0;
				TARGETED_DEVICE_FAMILY = "1,2";
			};
			name = Release;
		};
/* End XCBuildConfiguration section */

/* Begin XCConfigurationList section */
		279FF6DF2396946D00E333F8 /* Build configuration list for PBXProject "ChatAdaptor" */ = {
			isa = XCConfigurationList;
			buildConfigurations = (
				279FF6F62396947000E333F8 /* Debug */,
				279FF6F72396947000E333F8 /* Release */,
			);
			defaultConfigurationIsVisible = 0;
			defaultConfigurationName = Release;
		};
		279FF6F82396947000E333F8 /* Build configuration list for PBXNativeTarget "ChatAdaptor" */ = {
			isa = XCConfigurationList;
			buildConfigurations = (
				279FF6F92396947000E333F8 /* Debug */,
				279FF6FA2396947000E333F8 /* Release */,
			);
			defaultConfigurationIsVisible = 0;
			defaultConfigurationName = Release;
		};
/* End XCConfigurationList section */
	};
	rootObject = 279FF6DC2396946D00E333F8 /* Project object */;
}
